
Microsoft Visual Studio Solution File, Format Version 12.00
# Visual Studio Version 17
VisualStudioVersion = 17.4.33213.308
MinimumVisualStudioVersion = 10.0.40219.1
Project("{9A19103F-16F7-4668-BE54-9A1E7A4F7556}") = "QuestBoard", "QuestBoard.csproj", "{62EC3F64-D688-4261-AAB3-1688C42643E2}"
EndProject
Global
	GlobalSection(SolutionConfigurationPlatforms) = preSolution
		Debug|Any CPU = Debug|Any CPU
		Release|Any CPU = Release|Any CPU
	EndGlobalSection
	GlobalSection(ProjectConfigurationPlatforms) = postSolution
		{62EC3F64-D688-4261-AAB3-1688C42643E2}.Debug|Any CPU.ActiveCfg = Debug|Any CPU
		{62EC3F64-D688-4261-AAB3-1688C42643E2}.Debug|Any CPU.Build.0 = Debug|Any CPU
		{62EC3F64-D688-4261-AAB3-1688C42643E2}.Release|Any CPU.ActiveCfg = Release|Any CPU
		{62EC3F64-D688-4261-AAB3-1688C42643E2}.Release|Any CPU.Build.0 = Release|Any CPU
	EndGlobalSection
	GlobalSection(SolutionProperties) = preSolution
		HideSolutionNode = FALSE
	EndGlobalSection
	GlobalSection(ExtensibilityGlobals) = postSolution
		SolutionGuid = {C02C0C79-3824-4009-8E91-A7CEDD08205F}
	EndGlobalSection
EndGlobal
